PODS:
  - SwiftRichString (2.0.1)

DEPENDENCIES:
  - SwiftRichString

SPEC REPOS:
  https://github.com/cocoapods/specs.git:
    - SwiftRichString

SPEC CHECKSUMS:
  SwiftRichString: 3b29b5f2eb0eb244497532f2fd2ec26318eae584

PODFILE CHECKSUM: b6fe43ec6e8e4a259a38904e935cbf5435bfcabf

COCOAPODS: 1.6.1
